
Microsoft Visual Studio Solution File, Format Version 12.00
# Visual Studio 15
VisualStudioVersion = 15.0.27703.2035
MinimumVisualStudioVersion = 10.0.40219.1
Project("{FAE04EC0-301F-11D3-BF4B-00C04F79EFBC}") = "AdvancedConcepts", "AdvancedConcepts\AdvancedConcepts.csproj", "{5018829D-DE72-4724-960B-5A2B9172ED11}"
EndProject
Global
	GlobalSection(SolutionConfigurationPlatforms) = preSolution
		Debug|Any CPU = Debug|Any CPU
		Release|Any CPU = Release|Any CPU
	EndGlobalSection
	GlobalSection(ProjectConfigurationPlatforms) = postSolution
		{5018829D-DE72-4724-960B-5A2B9172ED11}.Debug|Any CPU.ActiveCfg = Debug|Any CPU
		{5018829D-DE72-4724-960B-5A2B9172ED11}.Debug|Any CPU.Build.0 = Debug|Any CPU
		{5018829D-DE72-4724-960B-5A2B9172ED11}.Release|Any CPU.ActiveCfg = Release|Any CPU
		{5018829D-DE72-4724-960B-5A2B9172ED11}.Release|Any CPU.Build.0 = Release|Any CPU
	EndGlobalSection
	GlobalSection(SolutionProperties) = preSolution
		HideSolutionNode = FALSE
	EndGlobalSection
	GlobalSection(ExtensibilityGlobals) = postSolution
		SolutionGuid = {831A8D16-D1D0-4D60-8EFC-B50F285057CC}
	EndGlobalSection
EndGlobal
