
Microsoft Visual Studio Solution File, Format Version 12.00
# Visual Studio Version 16
VisualStudioVersion = 16.0.29123.88
MinimumVisualStudioVersion = 10.0.40219.1
Project("{FAE04EC0-301F-11D3-BF4B-00C04F79EFBC}") = "GamesAPI", "GamesAPI\GamesAPI.csproj", "{51EEED74-DF6D-435D-A109-271D3D4A73D4}"
EndProject
Global
	GlobalSection(SolutionConfigurationPlatforms) = preSolution
		Debug|Any CPU = Debug|Any CPU
		Release|Any CPU = Release|Any CPU
	EndGlobalSection
	GlobalSection(ProjectConfigurationPlatforms) = postSolution
		{51EEED74-DF6D-435D-A109-271D3D4A73D4}.Debug|Any CPU.ActiveCfg = Debug|Any CPU
		{51EEED74-DF6D-435D-A109-271D3D4A73D4}.Debug|Any CPU.Build.0 = Debug|Any CPU
		{51EEED74-DF6D-435D-A109-271D3D4A73D4}.Release|Any CPU.ActiveCfg = Release|Any CPU
		{51EEED74-DF6D-435D-A109-271D3D4A73D4}.Release|Any CPU.Build.0 = Release|Any CPU
	EndGlobalSection
	GlobalSection(SolutionProperties) = preSolution
		HideSolutionNode = FALSE
	EndGlobalSection
	GlobalSection(ExtensibilityGlobals) = postSolution
		SolutionGuid = {41A6CDCE-9ACC-4ACA-893C-85866529F6A9}
	EndGlobalSection
EndGlobal
