
Microsoft Visual Studio Solution File, Format Version 12.00
# Visual Studio Version 16
VisualStudioVersion = 16.0.29411.108
MinimumVisualStudioVersion = 10.0.40219.1
Project("{FAE04EC0-301F-11D3-BF4B-00C04F79EFBC}") = "GamesAPI", "GamesAPI\GamesAPI.csproj", "{833BEF16-E7DB-4A0F-A4F3-9CDCBD5BF66A}"
EndProject
Global
	GlobalSection(SolutionConfigurationPlatforms) = preSolution
		Debug|Any CPU = Debug|Any CPU
		Release|Any CPU = Release|Any CPU
	EndGlobalSection
	GlobalSection(ProjectConfigurationPlatforms) = postSolution
		{833BEF16-E7DB-4A0F-A4F3-9CDCBD5BF66A}.Debug|Any CPU.ActiveCfg = Debug|Any CPU
		{833BEF16-E7DB-4A0F-A4F3-9CDCBD5BF66A}.Debug|Any CPU.Build.0 = Debug|Any CPU
		{833BEF16-E7DB-4A0F-A4F3-9CDCBD5BF66A}.Release|Any CPU.ActiveCfg = Release|Any CPU
		{833BEF16-E7DB-4A0F-A4F3-9CDCBD5BF66A}.Release|Any CPU.Build.0 = Release|Any CPU
	EndGlobalSection
	GlobalSection(SolutionProperties) = preSolution
		HideSolutionNode = FALSE
	EndGlobalSection
	GlobalSection(ExtensibilityGlobals) = postSolution
		SolutionGuid = {EC626082-88B8-4CD3-AB4E-FD83F3CD89FC}
	EndGlobalSection
EndGlobal
